
Microsoft Visual Studio Solution File, Format Version 12.00
# Visual Studio Version 16
VisualStudioVersion = 16.0.30011.22
MinimumVisualStudioVersion = 10.0.40219.1
Project("{888888A0-9F3D-457C-B088-3A5042F75D52}") = "Tugas_Modul7_Kel6", "Tugas_Modul7_Kel6.pyproj", "{DFE72C6B-BCEC-4785-8CDB-4F8C37040924}"
EndProject
Global
	GlobalSection(SolutionConfigurationPlatforms) = preSolution
		Debug|Any CPU = Debug|Any CPU
		Release|Any CPU = Release|Any CPU
	EndGlobalSection
	GlobalSection(ProjectConfigurationPlatforms) = postSolution
		{DFE72C6B-BCEC-4785-8CDB-4F8C37040924}.Debug|Any CPU.ActiveCfg = Debug|Any CPU
		{DFE72C6B-BCEC-4785-8CDB-4F8C37040924}.Release|Any CPU.ActiveCfg = Release|Any CPU
	EndGlobalSection
	GlobalSection(SolutionProperties) = preSolution
		HideSolutionNode = FALSE
	EndGlobalSection
	GlobalSection(ExtensibilityGlobals) = postSolution
		SolutionGuid = {D577818A-6B31-418F-B042-7D15648784B3}
	EndGlobalSection
EndGlobal
